
Microsoft Visual Studio Solution File, Format Version 12.00
# Visual Studio Version 17
VisualStudioVersion = 17.3.32825.248
MinimumVisualStudioVersion = 10.0.40219.1
Project("{9A19103F-16F7-4668-BE54-9A1E7A4F7556}") = "SF2022User27Lib", "SF2022User27Lib\SF2022User27Lib.csproj", "{AD2ED8E7-CB4B-4A74-85FA-B45AD52E20F7}"
EndProject
Project("{FAE04EC0-301F-11D3-BF4B-00C04F79EFBC}") = "ConsoleApp2", "ConsoleApp2\ConsoleApp2.csproj", "{060E447F-8181-4E47-A38F-A6C9F0154AF4}"
EndProject
Global
	GlobalSection(SolutionConfigurationPlatforms) = preSolution
		Debug|Any CPU = Debug|Any CPU
		Release|Any CPU = Release|Any CPU
	EndGlobalSection
	GlobalSection(ProjectConfigurationPlatforms) = postSolution
		{AD2ED8E7-CB4B-4A74-85FA-B45AD52E20F7}.Debug|Any CPU.ActiveCfg = Debug|Any CPU
		{AD2ED8E7-CB4B-4A74-85FA-B45AD52E20F7}.Debug|Any CPU.Build.0 = Debug|Any CPU
		{AD2ED8E7-CB4B-4A74-85FA-B45AD52E20F7}.Release|Any CPU.ActiveCfg = Release|Any CPU
		{AD2ED8E7-CB4B-4A74-85FA-B45AD52E20F7}.Release|Any CPU.Build.0 = Release|Any CPU
		{060E447F-8181-4E47-A38F-A6C9F0154AF4}.Debug|Any CPU.ActiveCfg = Debug|Any CPU
		{060E447F-8181-4E47-A38F-A6C9F0154AF4}.Debug|Any CPU.Build.0 = Debug|Any CPU
		{060E447F-8181-4E47-A38F-A6C9F0154AF4}.Release|Any CPU.ActiveCfg = Release|Any CPU
		{060E447F-8181-4E47-A38F-A6C9F0154AF4}.Release|Any CPU.Build.0 = Release|Any CPU
	EndGlobalSection
	GlobalSection(SolutionProperties) = preSolution
		HideSolutionNode = FALSE
	EndGlobalSection
	GlobalSection(ExtensibilityGlobals) = postSolution
		SolutionGuid = {D98901DA-9FF5-41E8-B2E9-7B614D2925AB}
	EndGlobalSection
EndGlobal
